// !$*UTF8*$!
{
	archiveVersion = 1;
	classes = {
	};
	objectVersion = 46;
	objects = {

/* Begin PBXBuildFile section */
		D9C379601EC0892600CD1C6D /* NoteResumeTableViewCell.m in Sources */ = {isa = PBXBuildFile; fileRef = D9C3795F1EC0892600CD1C6D /* NoteResumeTableViewCell.m */; };
		D9C379621EC0894B00CD1C6D /* NoteResumeTableViewCell.xib in Resources */ = {isa = PBXBuildFile; fileRef = D9C379611EC0894B00CD1C6D /* NoteResumeTableViewCell.xib */; };
		D9CE5EF11EBFB115005C4818 /* notes.json in Resources */ = {isa = PBXBuildFile; fileRef = D9CE5EF01EBFB115005C4818 /* notes.json */; };
		D9CE5EF41EBFB454005C4818 /* DetailNoteViewController.m in Sources */ = {isa = PBXBuildFile; fileRef = D9CE5EF31EBFB454005C4818 /* DetailNoteViewController.m */; };
		D9F10FDE1EAF07CB00DA9EDB /* main.m in Sources */ = {isa = PBXBuildFile; fileRef = D9F10FDD1EAF07CB00DA9EDB /* main.m */; };
		D9F10FE11EAF07CB00DA9EDB /* AppDelegate.m in Sources */ = {isa = PBXBuildFile; fileRef = D9F10FE01EAF07CB00DA9EDB /* AppDelegate.m */; };
		D9F10FE41EAF07CB00DA9EDB /* ViewController.m in Sources */ = {isa = PBXBuildFile; fileRef = D9F10FE31EAF07CB00DA9EDB /* ViewController.m */; };
		D9F10FE71EAF07CB00DA9EDB /* Main.storyboard in Resources */ = {isa = PBXBuildFile; fileRef = D9F10FE51EAF07CB00DA9EDB /* Main.storyboard */; };
		D9F10FE91EAF07CB00DA9EDB /* Assets.xcassets in Resources */ = {isa = PBXBuildFile; fileRef = D9F10FE81EAF07CB00DA9EDB /* Assets.xcassets */; };
		D9F10FEC1EAF07CB00DA9EDB /* LaunchScreen.storyboard in Resources */ = {isa = PBXBuildFile; fileRef = D9F10FEA1EAF07CB00DA9EDB /* LaunchScreen.storyboard */; };
		D9F10FF71EAF07CB00DA9EDB /* iOSLearningTests.m in Sources */ = {isa = PBXBuildFile; fileRef = D9F10FF61EAF07CB00DA9EDB /* iOSLearningTests.m */; };
		D9F110021EAF07CB00DA9EDB /* iOSLearningUITests.m in Sources */ = {isa = PBXBuildFile; fileRef = D9F110011EAF07CB00DA9EDB /* iOSLearningUITests.m */; };
		D9F110121EAF100600DA9EDB /* NotesTableViewController.m in Sources */ = {isa = PBXBuildFile; fileRef = D9F110111EAF100600DA9EDB /* NotesTableViewController.m */; };
		D9F110151EAF110800DA9EDB /* CategoryNotesViewController.m in Sources */ = {isa = PBXBuildFile; fileRef = D9F110141EAF110800DA9EDB /* CategoryNotesViewController.m */; };
/* End PBXBuildFile section */

/* Begin PBXContainerItemProxy section */
		D9F10FF31EAF07CB00DA9EDB /* PBXContainerItemProxy */ = {
			isa = PBXContainerItemProxy;
			containerPortal = D9F10FD11EAF07CB00DA9EDB /* Project object */;
			proxyType = 1;
			remoteGlobalIDString = D9F10FD81EAF07CB00DA9EDB;
			remoteInfo = iOSLearning;
		};
		D9F10FFE1EAF07CB00DA9EDB /* PBXContainerItemProxy */ = {
			isa = PBXContainerItemProxy;
			containerPortal = D9F10FD11EAF07CB00DA9EDB /* Project object */;
			proxyType = 1;
			remoteGlobalIDString = D9F10FD81EAF07CB00DA9EDB;
			remoteInfo = iOSLearning;
		};
/* End PBXContainerItemProxy section */

/* Begin PBXFileReference section */
		D9C3795E1EC0892600CD1C6D /* NoteResumeTableViewCell.h */ = {isa = PBXFileReference; fileEncoding = 4; lastKnownFileType = sourcecode.c.h; path = NoteResumeTableViewCell.h; sourceTree = "<group>"; };
		D9C3795F1EC0892600CD1C6D /* NoteResumeTableViewCell.m */ = {isa = PBXFileReference; fileEncoding = 4; lastKnownFileType = sourcecode.c.objc; path = NoteResumeTableViewCell.m; sourceTree = "<group>"; };
		D9C379611EC0894B00CD1C6D /* NoteResumeTableViewCell.xib */ = {isa = PBXFileReference; fileEncoding = 4; lastKnownFileType = file.xib; path = NoteResumeTableViewCell.xib; sourceTree = "<group>"; };
		D9CE5EF01EBFB115005C4818 /* notes.json */ = {isa = PBXFileReference; fileEncoding = 4; lastKnownFileType = text.json; path = notes.json; sourceTree = "<group>"; };
		D9CE5EF21EBFB454005C4818 /* DetailNoteViewController.h */ = {isa = PBXFileReference; fileEncoding = 4; lastKnownFileType = sourcecode.c.h; path = DetailNoteViewController.h; sourceTree = "<group>"; };
		D9CE5EF31EBFB454005C4818 /* DetailNoteViewController.m */ = {isa = PBXFileReference; fileEncoding = 4; lastKnownFileType = sourcecode.c.objc; path = DetailNoteViewController.m; sourceTree = "<group>"; };
		D9F10FD91EAF07CB00DA9EDB /* iOSLearning.app */ = {isa = PBXFileReference; explicitFileType = wrapper.application; includeInIndex = 0; path = iOSLearning.app; sourceTree = BUILT_PRODUCTS_DIR; };
		D9F10FDD1EAF07CB00DA9EDB /* main.m */ = {isa = PBXFileReference; lastKnownFileType = sourcecode.c.objc; path = main.m; sourceTree = "<group>"; };
		D9F10FDF1EAF07CB00DA9EDB /* AppDelegate.h */ = {isa = PBXFileReference; lastKnownFileType = sourcecode.c.h; path = AppDelegate.h; sourceTree = "<group>"; };
		D9F10FE01EAF07CB00DA9EDB /* AppDelegate.m */ = {isa = PBXFileReference; lastKnownFileType = sourcecode.c.objc; path = AppDelegate.m; sourceTree = "<group>"; };
		D9F10FE21EAF07CB00DA9EDB /* ViewController.h */ = {isa = PBXFileReference; lastKnownFileType = sourcecode.c.h; path = ViewController.h; sourceTree = "<group>"; };
		D9F10FE31EAF07CB00DA9EDB /* ViewController.m */ = {isa = PBXFileReference; lastKnownFileType = sourcecode.c.objc; path = ViewController.m; sourceTree = "<group>"; };
		D9F10FE61EAF07CB00DA9EDB /* Base */ = {isa = PBXFileReference; lastKnownFileType = file.storyboard; name = Base; path = Base.lproj/Main.storyboard; sourceTree = "<group>"; };
		D9F10FE81EAF07CB00DA9EDB /* Assets.xcassets */ = {isa = PBXFileReference; lastKnownFileType = folder.assetcatalog; path = Assets.xcassets; sourceTree = "<group>"; };
		D9F10FEB1EAF07CB00DA9EDB /* Base */ = {isa = PBXFileReference; lastKnownFileType = file.storyboard; name = Base; path = Base.lproj/LaunchScreen.storyboard; sourceTree = "<group>"; };
		D9F10FED1EAF07CB00DA9EDB /* Info.plist */ = {isa = PBXFileReference; lastKnownFileType = text.plist.xml; path = Info.plist; sourceTree = "<group>"; };
		D9F10FF21EAF07CB00DA9EDB /* iOSLearningTests.xctest */ = {isa = PBXFileReference; explicitFileType = wrapper.cfbundle; includeInIndex = 0; path = iOSLearningTests.xctest; sourceTree = BUILT_PRODUCTS_DIR; };
		D9F10FF61EAF07CB00DA9EDB /* iOSLearningTests.m */ = {isa = PBXFileReference; lastKnownFileType = sourcecode.c.objc; path = iOSLearningTests.m; sourceTree = "<group>"; };
		D9F10FF81EAF07CB00DA9EDB /* Info.plist */ = {isa = PBXFileReference; lastKnownFileType = text.plist.xml; path = Info.plist; sourceTree = "<group>"; };
		D9F10FFD1EAF07CB00DA9EDB /* iOSLearningUITests.xctest */ = {isa = PBXFileReference; explicitFileType = wrapper.cfbundle; includeInIndex = 0; path = iOSLearningUITests.xctest; sourceTree = BUILT_PRODUCTS_DIR; };
		D9F110011EAF07CB00DA9EDB /* iOSLearningUITests.m */ = {isa = PBXFileReference; lastKnownFileType = sourcecode.c.objc; path = iOSLearningUITests.m; sourceTree = "<group>"; };
		D9F110031EAF07CB00DA9EDB /* Info.plist */ = {isa = PBXFileReference; lastKnownFileType = text.plist.xml; path = Info.plist; sourceTree = "<group>"; };
		D9F110101EAF100600DA9EDB /* NotesTableViewController.h */ = {isa = PBXFileReference; fileEncoding = 4; lastKnownFileType = sourcecode.c.h; path = NotesTableViewController.h; sourceTree = "<group>"; };
		D9F110111EAF100600DA9EDB /* NotesTableViewController.m */ = {isa = PBXFileReference; fileEncoding = 4; lastKnownFileType = sourcecode.c.objc; path = NotesTableViewController.m; sourceTree = "<group>"; };
		D9F110131EAF110800DA9EDB /* CategoryNotesViewController.h */ = {isa = PBXFileReference; fileEncoding = 4; lastKnownFileType = sourcecode.c.h; path = CategoryNotesViewController.h; sourceTree = "<group>"; };
		D9F110141EAF110800DA9EDB /* CategoryNotesViewController.m */ = {isa = PBXFileReference; fileEncoding = 4; lastKnownFileType = sourcecode.c.objc; path = CategoryNotesViewController.m; sourceTree = "<group>"; };
/* End PBXFileReference section */

/* Begin PBXFrameworksBuildPhase section */
		D9F10FD61EAF07CB00DA9EDB /* Frameworks */ = {
			isa = PBXFrameworksBuildPhase;
			buildActionMask = 2147483647;
			files = (
			);
			runOnlyForDeploymentPostprocessing = 0;
		};
		D9F10FEF1EAF07CB00DA9EDB /* Frameworks */ = {
			isa = PBXFrameworksBuildPhase;
			buildActionMask = 2147483647;
			files = (
			);
			runOnlyForDeploymentPostprocessing = 0;
		};
		D9F10FFA1EAF07CB00DA9EDB /* Frameworks */ = {
			isa = PBXFrameworksBuildPhase;
			buildActionMask = 2147483647;
			files = (
			);
			runOnlyForDeploymentPostprocessing = 0;
		};
/* End PBXFrameworksBuildPhase section */

/* Begin PBXGroup section */
		D9CE5EF51EBFC725005C4818 /* Views */ = {
			isa = PBXGroup;
			children = (
				D9C3795E1EC0892600CD1C6D /* NoteResumeTableViewCell.h */,
				D9C3795F1EC0892600CD1C6D /* NoteResumeTableViewCell.m */,
				D9C379611EC0894B00CD1C6D /* NoteResumeTableViewCell.xib */,
			);
			name = Views;
			sourceTree = "<group>";
		};
		D9F10FD01EAF07CB00DA9EDB = {
			isa = PBXGroup;
			children = (
				D9F10FDB1EAF07CB00DA9EDB /* iOSLearning */,
				D9F10FF51EAF07CB00DA9EDB /* iOSLearningTests */,
				D9F110001EAF07CB00DA9EDB /* iOSLearningUITests */,
				D9F10FDA1EAF07CB00DA9EDB /* Products */,
			);
			sourceTree = "<group>";
		};
		D9F10FDA1EAF07CB00DA9EDB /* Products */ = {
			isa = PBXGroup;
			children = (
				D9F10FD91EAF07CB00DA9EDB /* iOSLearning.app */,
				D9F10FF21EAF07CB00DA9EDB /* iOSLearningTests.xctest */,
				D9F10FFD1EAF07CB00DA9EDB /* iOSLearningUITests.xctest */,
			);
			name = Products;
			sourceTree = "<group>";
		};
		D9F10FDB1EAF07CB00DA9EDB /* iOSLearning */ = {
			isa = PBXGroup;
			children = (
				D9CE5EF51EBFC725005C4818 /* Views */,
				D9F1100F1EAF0FAD00DA9EDB /* ViewControllers */,
				D9F10FDF1EAF07CB00DA9EDB /* AppDelegate.h */,
				D9F10FE01EAF07CB00DA9EDB /* AppDelegate.m */,
				D9F10FE51EAF07CB00DA9EDB /* Main.storyboard */,
				D9F10FE81EAF07CB00DA9EDB /* Assets.xcassets */,
				D9F10FEA1EAF07CB00DA9EDB /* LaunchScreen.storyboard */,
				D9F10FED1EAF07CB00DA9EDB /* Info.plist */,
				D9F10FDC1EAF07CB00DA9EDB /* Supporting Files */,
			);
			path = iOSLearning;
			sourceTree = "<group>";
		};
		D9F10FDC1EAF07CB00DA9EDB /* Supporting Files */ = {
			isa = PBXGroup;
			children = (
				D9F10FDD1EAF07CB00DA9EDB /* main.m */,
				D9CE5EF01EBFB115005C4818 /* notes.json */,
			);
			name = "Supporting Files";
			sourceTree = "<group>";
		};
		D9F10FF51EAF07CB00DA9EDB /* iOSLearningTests */ = {
			isa = PBXGroup;
			children = (
				D9F10FF61EAF07CB00DA9EDB /* iOSLearningTests.m */,
				D9F10FF81EAF07CB00DA9EDB /* Info.plist */,
			);
			path = iOSLearningTests;
			sourceTree = "<group>";
		};
		D9F110001EAF07CB00DA9EDB /* iOSLearningUITests */ = {
			isa = PBXGroup;
			children = (
				D9F110011EAF07CB00DA9EDB /* iOSLearningUITests.m */,
				D9F110031EAF07CB00DA9EDB /* Info.plist */,
			);
			path = iOSLearningUITests;
			sourceTree = "<group>";
		};
		D9F1100F1EAF0FAD00DA9EDB /* ViewControllers */ = {
			isa = PBXGroup;
			children = (
				D9F10FE21EAF07CB00DA9EDB /* ViewController.h */,
				D9CE5EF21EBFB454005C4818 /* DetailNoteViewController.h */,
				D9CE5EF31EBFB454005C4818 /* DetailNoteViewController.m */,
				D9F10FE31EAF07CB00DA9EDB /* ViewController.m */,
				D9F110101EAF100600DA9EDB /* NotesTableViewController.h */,
				D9F110111EAF100600DA9EDB /* NotesTableViewController.m */,
				D9F110131EAF110800DA9EDB /* CategoryNotesViewController.h */,
				D9F110141EAF110800DA9EDB /* CategoryNotesViewController.m */,
			);
			name = ViewControllers;
			sourceTree = "<group>";
		};
/* End PBXGroup section */

/* Begin PBXNativeTarget section */
		D9F10FD81EAF07CB00DA9EDB /* iOSLearning */ = {
			isa = PBXNativeTarget;
			buildConfigurationList = D9F110061EAF07CB00DA9EDB /* Build configuration list for PBXNativeTarget "iOSLearning" */;
			buildPhases = (
				D9F10FD51EAF07CB00DA9EDB /* Sources */,
				D9F10FD61EAF07CB00DA9EDB /* Frameworks */,
				D9F10FD71EAF07CB00DA9EDB /* Resources */,
			);
			buildRules = (
			);
			dependencies = (
			);
			name = iOSLearning;
			productName = iOSLearning;
			productReference = D9F10FD91EAF07CB00DA9EDB /* iOSLearning.app */;
			productType = "com.apple.product-type.application";
		};
		D9F10FF11EAF07CB00DA9EDB /* iOSLearningTests */ = {
			isa = PBXNativeTarget;
			buildConfigurationList = D9F110091EAF07CB00DA9EDB /* Build configuration list for PBXNativeTarget "iOSLearningTests" */;
			buildPhases = (
				D9F10FEE1EAF07CB00DA9EDB /* Sources */,
				D9F10FEF1EAF07CB00DA9EDB /* Frameworks */,
				D9F10FF01EAF07CB00DA9EDB /* Resources */,
			);
			buildRules = (
			);
			dependencies = (
				D9F10FF41EAF07CB00DA9EDB /* PBXTargetDependency */,
			);
			name = iOSLearningTests;
			productName = iOSLearningTests;
			productReference = D9F10FF21EAF07CB00DA9EDB /* iOSLearningTests.xctest */;
			productType = "com.apple.product-type.bundle.unit-test";
		};
		D9F10FFC1EAF07CB00DA9EDB /* iOSLearningUITests */ = {
			isa = PBXNativeTarget;
			buildConfigurationList = D9F1100C1EAF07CB00DA9EDB /* Build configuration list for PBXNativeTarget "iOSLearningUITests" */;
			buildPhases = (
				D9F10FF91EAF07CB00DA9EDB /* Sources */,
				D9F10FFA1EAF07CB00DA9EDB /* Frameworks */,
				D9F10FFB1EAF07CB00DA9EDB /* Resources */,
			);
			buildRules = (
			);
			dependencies = (
				D9F10FFF1EAF07CB00DA9EDB /* PBXTargetDependency */,
			);
			name = iOSLearningUITests;
			productName = iOSLearningUITests;
			productReference = D9F10FFD1EAF07CB00DA9EDB /* iOSLearningUITests.xctest */;
			productType = "com.apple.product-type.bundle.ui-testing";
		};
/* End PBXNativeTarget section */

/* Begin PBXProject section */
		D9F10FD11EAF07CB00DA9EDB /* Project object */ = {
			isa = PBXProject;
			attributes = {
				LastUpgradeCheck = 0830;
				ORGANIZATIONNAME = "Yessica Miguel";
				TargetAttributes = {
					D9F10FD81EAF07CB00DA9EDB = {
						CreatedOnToolsVersion = 8.3.2;
						ProvisioningStyle = Automatic;
					};
					D9F10FF11EAF07CB00DA9EDB = {
						CreatedOnToolsVersion = 8.3.2;
						ProvisioningStyle = Automatic;
						TestTargetID = D9F10FD81EAF07CB00DA9EDB;
					};
					D9F10FFC1EAF07CB00DA9EDB = {
						CreatedOnToolsVersion = 8.3.2;
						ProvisioningStyle = Automatic;
						TestTargetID = D9F10FD81EAF07CB00DA9EDB;
					};
				};
			};
			buildConfigurationList = D9F10FD41EAF07CB00DA9EDB /* Build configuration list for PBXProject "iOSLearning" */;
			compatibilityVersion = "Xcode 3.2";
			developmentRegion = English;
			hasScannedForEncodings = 0;
			knownRegions = (
				en,
				Base,
			);
			mainGroup = D9F10FD01EAF07CB00DA9EDB;
			productRefGroup = D9F10FDA1EAF07CB00DA9EDB /* Products */;
			projectDirPath = "";
			projectRoot = "";
			targets = (
				D9F10FD81EAF07CB00DA9EDB /* iOSLearning */,
				D9F10FF11EAF07CB00DA9EDB /* iOSLearningTests */,
				D9F10FFC1EAF07CB00DA9EDB /* iOSLearningUITests */,
			);
		};
/* End PBXProject section */

/* Begin PBXResourcesBuildPhase section */
		D9F10FD71EAF07CB00DA9EDB /* Resources */ = {
			isa = PBXResourcesBuildPhase;
			buildActionMask = 2147483647;
			files = (
				D9F10FEC1EAF07CB00DA9EDB /* LaunchScreen.storyboard in Resources */,
				D9F10FE91EAF07CB00DA9EDB /* Assets.xcassets in Resources */,
				D9F10FE71EAF07CB00DA9EDB /* Main.storyboard in Resources */,
				D9C379621EC0894B00CD1C6D /* NoteResumeTableViewCell.xib in Resources */,
				D9CE5EF11EBFB115005C4818 /* notes.json in Resources */,
			);
			runOnlyForDeploymentPostprocessing = 0;
		};
		D9F10FF01EAF07CB00DA9EDB /* Resources */ = {
			isa = PBXResourcesBuildPhase;
			buildActionMask = 2147483647;
			files = (
			);
			runOnlyForDeploymentPostprocessing = 0;
		};
		D9F10FFB1EAF07CB00DA9EDB /* Resources */ = {
			isa = PBXResourcesBuildPhase;
			buildActionMask = 2147483647;
			files = (
			);
			runOnlyForDeploymentPostprocessing = 0;
		};
/* End PBXResourcesBuildPhase section */

/* Begin PBXSourcesBuildPhase section */
		D9F10FD51EAF07CB00DA9EDB /* Sources */ = {
			isa = PBXSourcesBuildPhase;
			buildActionMask = 2147483647;
			files = (
				D9F10FE41EAF07CB00DA9EDB /* ViewController.m in Sources */,
				D9F110121EAF100600DA9EDB /* NotesTableViewController.m in Sources */,
				D9F10FE11EAF07CB00DA9EDB /* AppDelegate.m in Sources */,
				D9C379601EC0892600CD1C6D /* NoteResumeTableViewCell.m in Sources */,
				D9F10FDE1EAF07CB00DA9EDB /* main.m in Sources */,
				D9CE5EF41EBFB454005C4818 /* DetailNoteViewController.m in Sources */,
				D9F110151EAF110800DA9EDB /* CategoryNotesViewController.m in Sources */,
			);
			runOnlyForDeploymentPostprocessing = 0;
		};
		D9F10FEE1EAF07CB00DA9EDB /* Sources */ = {
			isa = PBXSourcesBuildPhase;
			buildActionMask = 2147483647;
			files = (
				D9F10FF71EAF07CB00DA9EDB /* iOSLearningTests.m in Sources */,
			);
			runOnlyForDeploymentPostprocessing = 0;
		};
		D9F10FF91EAF07CB00DA9EDB /* Sources */ = {
			isa = PBXSourcesBuildPhase;
			buildActionMask = 2147483647;
			files = (
				D9F110021EAF07CB00DA9EDB /* iOSLearningUITests.m in Sources */,
			);
			runOnlyForDeploymentPostprocessing = 0;
		};
/* End PBXSourcesBuildPhase section */

/* Begin PBXTargetDependency section */
		D9F10FF41EAF07CB00DA9EDB /* PBXTargetDependency */ = {
			isa = PBXTargetDependency;
			target = D9F10FD81EAF07CB00DA9EDB /* iOSLearning */;
			targetProxy = D9F10FF31EAF07CB00DA9EDB /* PBXContainerItemProxy */;
		};
		D9F10FFF1EAF07CB00DA9EDB /* PBXTargetDependency */ = {
			isa = PBXTargetDependency;
			target = D9F10FD81EAF07CB00DA9EDB /* iOSLearning */;
			targetProxy = D9F10FFE1EAF07CB00DA9EDB /* PBXContainerItemProxy */;
		};
/* End PBXTargetDependency section */

/* Begin PBXVariantGroup section */
		D9F10FE51EAF07CB00DA9EDB /* Main.storyboard */ = {
			isa = PBXVariantGroup;
			children = (
				D9F10FE61EAF07CB00DA9EDB /* Base */,
			);
			name = Main.storyboard;
			sourceTree = "<group>";
		};
		D9F10FEA1EAF07CB00DA9EDB /* LaunchScreen.storyboard */ = {
			isa = PBXVariantGroup;
			children = (
				D9F10FEB1EAF07CB00DA9EDB /* Base */,
			);
			name = LaunchScreen.storyboard;
			sourceTree = "<group>";
		};
/* End PBXVariantGroup section */

/* Begin XCBuildConfiguration section */
		D9F110041EAF07CB00DA9EDB /* Debug */ = {
			isa = XCBuildConfiguration;
			buildSettings = {
				ALWAYS_SEARCH_USER_PATHS = NO;
				CLANG_ANALYZER_NONNULL = YES;
				CLANG_ANALYZER_NUMBER_OBJECT_CONVERSION = YES_AGGRESSIVE;
				CLANG_CXX_LANGUAGE_STANDARD = "gnu++0x";
				CLANG_CXX_LIBRARY = "libc++";
				CLANG_ENABLE_MODULES = YES;
				CLANG_ENABLE_OBJC_ARC = YES;
				CLANG_WARN_BOOL_CONVERSION = YES;
				CLANG_WARN_CONSTANT_CONVERSION = YES;
				CLANG_WARN_DIRECT_OBJC_ISA_USAGE = YES_ERROR;
				CLANG_WARN_DOCUMENTATION_COMMENTS = YES;
				CLANG_WARN_EMPTY_BODY = YES;
				CLANG_WARN_ENUM_CONVERSION = YES;
				CLANG_WARN_INFINITE_RECURSION = YES;
				CLANG_WARN_INT_CONVERSION = YES;
				CLANG_WARN_OBJC_ROOT_CLASS = YES_ERROR;
				CLANG_WARN_SUSPICIOUS_MOVE = YES;
				CLANG_WARN_UNREACHABLE_CODE = YES;
				CLANG_WARN__DUPLICATE_METHOD_MATCH = YES;
				"CODE_SIGN_IDENTITY[sdk=iphoneos*]" = "iPhone Developer";
				COPY_PHASE_STRIP = NO;
				DEBUG_INFORMATION_FORMAT = dwarf;
				ENABLE_STRICT_OBJC_MSGSEND = YES;
				ENABLE_TESTABILITY = YES;
				GCC_C_LANGUAGE_STANDARD = gnu99;
				GCC_DYNAMIC_NO_PIC = NO;
				GCC_NO_COMMON_BLOCKS = YES;
				GCC_OPTIMIZATION_LEVEL = 0;
				GCC_PREPROCESSOR_DEFINITIONS = (
					"DEBUG=1",
					"$(inherited)",
				);
				GCC_WARN_64_TO_32_BIT_CONVERSION = YES;
				GCC_WARN_ABOUT_RETURN_TYPE = YES_ERROR;
				GCC_WARN_UNDECLARED_SELECTOR = YES;
				GCC_WARN_UNINITIALIZED_AUTOS = YES_AGGRESSIVE;
				GCC_WARN_UNUSED_FUNCTION = YES;
				GCC_WARN_UNUSED_VARIABLE = YES;
				IPHONEOS_DEPLOYMENT_TARGET = 10.3;
				MTL_ENABLE_DEBUG_INFO = YES;
				ONLY_ACTIVE_ARCH = YES;
				SDKROOT = iphoneos;
			};
			name = Debug;
		};
		D9F110051EAF07CB00DA9EDB /* Release */ = {
			isa = XCBuildConfiguration;
			buildSettings = {
				ALWAYS_SEARCH_USER_PATHS = NO;
				CLANG_ANALYZER_NONNULL = YES;
				CLANG_ANALYZER_NUMBER_OBJECT_CONVERSION = YES_AGGRESSIVE;
				CLANG_CXX_LANGUAGE_STANDARD = "gnu++0x";
				CLANG_CXX_LIBRARY = "libc++";
				CLANG_ENABLE_MODULES = YES;
				CLANG_ENABLE_OBJC_ARC = YES;
				CLANG_WARN_BOOL_CONVERSION = YES;
				CLANG_WARN_CONSTANT_CONVERSION = YES;
				CLANG_WARN_DIRECT_OBJC_ISA_USAGE = YES_ERROR;
				CLANG_WARN_DOCUMENTATION_COMMENTS = YES;
				CLANG_WARN_EMPTY_BODY = YES;
				CLANG_WARN_ENUM_CONVERSION = YES;
				CLANG_WARN_INFINITE_RECURSION = YES;
				CLANG_WARN_INT_CONVERSION = YES;
				CLANG_WARN_OBJC_ROOT_CLASS = YES_ERROR;
				CLANG_WARN_SUSPICIOUS_MOVE = YES;
				CLANG_WARN_UNREACHABLE_CODE = YES;
				CLANG_WARN__DUPLICATE_METHOD_MATCH = YES;
				"CODE_SIGN_IDENTITY[sdk=iphoneos*]" = "iPhone Developer";
				COPY_PHASE_STRIP = NO;
				DEBUG_INFORMATION_FORMAT = "dwarf-with-dsym";
				ENABLE_NS_ASSERTIONS = NO;
				ENABLE_STRICT_OBJC_MSGSEND = YES;
				GCC_C_LANGUAGE_STANDARD = gnu99;
				GCC_NO_COMMON_BLOCKS = YES;
				GCC_WARN_64_TO_32_BIT_CONVERSION = YES;
				GCC_WARN_ABOUT_RETURN_TYPE = YES_ERROR;
				GCC_WARN_UNDECLARED_SELECTOR = YES;
				GCC_WARN_UNINITIALIZED_AUTOS = YES_AGGRESSIVE;
				GCC_WARN_UNUSED_FUNCTION = YES;
				GCC_WARN_UNUSED_VARIABLE = YES;
				IPHONEOS_DEPLOYMENT_TARGET = 10.3;
				MTL_ENABLE_DEBUG_INFO = NO;
				SDKROOT = iphoneos;
				VALIDATE_PRODUCT = YES;
			};
			name = Release;
		};
		D9F110071EAF07CB00DA9EDB /* Debug */ = {
			isa = XCBuildConfiguration;
			buildSettings = {
				ASSETCATALOG_COMPILER_APPICON_NAME = AppIcon;
				INFOPLIST_FILE = iOSLearning/Info.plist;
				LD_RUNPATH_SEARCH_PATHS = "$(inherited) @executable_path/Frameworks";
				PRODUCT_BUNDLE_IDENTIFIER = com.atk.ioslearning.iOSLearning;
				PRODUCT_NAME = "$(TARGET_NAME)";
			};
			name = Debug;
		};
		D9F110081EAF07CB00DA9EDB /* Release */ = {
			isa = XCBuildConfiguration;
			buildSettings = {
				ASSETCATALOG_COMPILER_APPICON_NAME = AppIcon;
				INFOPLIST_FILE = iOSLearning/Info.plist;
				LD_RUNPATH_SEARCH_PATHS = "$(inherited) @executable_path/Frameworks";
				PRODUCT_BUNDLE_IDENTIFIER = com.atk.ioslearning.iOSLearning;
				PRODUCT_NAME = "$(TARGET_NAME)";
			};
			name = Release;
		};
		D9F1100A1EAF07CB00DA9EDB /* Debug */ = {
			isa = XCBuildConfiguration;
			buildSettings = {
				BUNDLE_LOADER = "$(TEST_HOST)";
				INFOPLIST_FILE = iOSLearningTests/Info.plist;
				LD_RUNPATH_SEARCH_PATHS = "$(inherited) @executable_path/Frameworks @loader_path/Frameworks";
				PRODUCT_BUNDLE_IDENTIFIER = com.atk.ioslearning.iOSLearningTests;
				PRODUCT_NAME = "$(TARGET_NAME)";
				TEST_HOST = "$(BUILT_PRODUCTS_DIR)/iOSLearning.app/iOSLearning";
			};
			name = Debug;
		};
		D9F1100B1EAF07CB00DA9EDB /* Release */ = {
			isa = XCBuildConfiguration;
			buildSettings = {
				BUNDLE_LOADER = "$(TEST_HOST)";
				INFOPLIST_FILE = iOSLearningTests/Info.plist;
				LD_RUNPATH_SEARCH_PATHS = "$(inherited) @executable_path/Frameworks @loader_path/Frameworks";
				PRODUCT_BUNDLE_IDENTIFIER = com.atk.ioslearning.iOSLearningTests;
				PRODUCT_NAME = "$(TARGET_NAME)";
				TEST_HOST = "$(BUILT_PRODUCTS_DIR)/iOSLearning.app/iOSLearning";
			};
			name = Release;
		};
		D9F1100D1EAF07CB00DA9EDB /* Debug */ = {
			isa = XCBuildConfiguration;
			buildSettings = {
				INFOPLIST_FILE = iOSLearningUITests/Info.plist;
				LD_RUNPATH_SEARCH_PATHS = "$(inherited) @executable_path/Frameworks @loader_path/Frameworks";
				PRODUCT_BUNDLE_IDENTIFIER = com.atk.ioslearning.iOSLearningUITests;
				PRODUCT_NAME = "$(TARGET_NAME)";
				TEST_TARGET_NAME = iOSLearning;
			};
			name = Debug;
		};
		D9F1100E1EAF07CB00DA9EDB /* Release */ = {
			isa = XCBuildConfiguration;
			buildSettings = {
				INFOPLIST_FILE = iOSLearningUITests/Info.plist;
				LD_RUNPATH_SEARCH_PATHS = "$(inherited) @executable_path/Frameworks @loader_path/Frameworks";
				PRODUCT_BUNDLE_IDENTIFIER = com.atk.ioslearning.iOSLearningUITests;
				PRODUCT_NAME = "$(TARGET_NAME)";
				TEST_TARGET_NAME = iOSLearning;
			};
			name = Release;
		};
/* End XCBuildConfiguration section */

/* Begin XCConfigurationList section */
		D9F10FD41EAF07CB00DA9EDB /* Build configuration list for PBXProject "iOSLearning" */ = {
			isa = XCConfigurationList;
			buildConfigurations = (
				D9F110041EAF07CB00DA9EDB /* Debug */,
				D9F110051EAF07CB00DA9EDB /* Release */,
			);
			defaultConfigurationIsVisible = 0;
			defaultConfigurationName = Release;
		};
		D9F110061EAF07CB00DA9EDB /* Build configuration list for PBXNativeTarget "iOSLearning" */ = {
			isa = XCConfigurationList;
			buildConfigurations = (
				D9F110071EAF07CB00DA9EDB /* Debug */,
				D9F110081EAF07CB00DA9EDB /* Release */,
			);
			defaultConfigurationIsVisible = 0;
			defaultConfigurationName = Release;
		};
		D9F110091EAF07CB00DA9EDB /* Build configuration list for PBXNativeTarget "iOSLearningTests" */ = {
			isa = XCConfigurationList;
			buildConfigurations = (
				D9F1100A1EAF07CB00DA9EDB /* Debug */,
				D9F1100B1EAF07CB00DA9EDB /* Release */,
			);
			defaultConfigurationIsVisible = 0;
			defaultConfigurationName = Release;
		};
		D9F1100C1EAF07CB00DA9EDB /* Build configuration list for PBXNativeTarget "iOSLearningUITests" */ = {
			isa = XCConfigurationList;
			buildConfigurations = (
				D9F1100D1EAF07CB00DA9EDB /* Debug */,
				D9F1100E1EAF07CB00DA9EDB /* Release */,
			);
			defaultConfigurationIsVisible = 0;
			defaultConfigurationName = Release;
		};
/* End XCConfigurationList section */
	};
	rootObject = D9F10FD11EAF07CB00DA9EDB /* Project object */;
}
